{
  "version": 4,
  "terraform_version": "0.12.9",
  "serial": 19,
  "lineage": "41456d09-1b2e-b237-1c61-6f2311a1a118",
  "outputs": {
    "app-alb-load-balancer-dns-name": {
      "value": "technogise-alb-load-balancer-330940032.ap-southeast-2.elb.amazonaws.com",
      "type": "string"
    },
    "app-alb-load-balancer-name": {
      "value": "technogise-alb-load-balancer",
      "type": "string"
    },
    "mount-target-dns": {
      "value": "fs-1a544523.efs.ap-southeast-2.amazonaws.com",
      "type": "string"
    },
    "region": {
      "value": "ap-southeast-2",
      "type": "string"
    },
    "technogise-app-target-group-arn": {
      "value": "arn:aws:elasticloadbalancing:ap-southeast-2:185966419215:targetgroup/technogise-app-target-group/daa755590cd7c4ab",
      "type": "string"
    },
    "technogise_public_sg_id": {
      "value": "sg-008be2e3f3c149ca7",
      "type": "string"
    },
    "technogise_public_sn_01_id": {
      "value": "subnet-062919ac8815b17ca",
      "type": "string"
    },
    "technogise_public_sn_02_id": {
      "value": "subnet-00846c20558091e52",
      "type": "string"
    },
    "technogise_vpc_id": {
      "value": "vpc-04ca5d97a4e314b2f",
      "type": "string"
    }
  },
  "resources": [
    {
      "mode": "data",
      "type": "aws_ami",
      "name": "latest_ecs",
      "provider": "provider.aws",
      "instances": [
        {
          "schema_version": 0,
          "attributes": {
            "architecture": "x86_64",
            "block_device_mappings": [
              {
                "device_name": "/dev/xvda",
                "ebs": {
                  "delete_on_termination": "true",
                  "encrypted": "false",
                  "iops": "0",
                  "snapshot_id": "snap-04ecb5d9a3895ea19",
                  "volume_size": "30",
                  "volume_type": "gp2"
                },
                "no_device": "",
                "virtual_name": ""
              }
            ],
            "creation_date": "2020-03-20T22:56:14.000Z",
            "description": "Amazon Linux AMI 2.0.20200319 x86_64 ECS HVM GP2",
            "executable_users": null,
            "filter": [
              {
                "name": "name",
                "values": [
                  "amzn2-ami-ecs-hvm-*-x86_64-ebs"
                ]
              }
            ],
            "hypervisor": "xen",
            "id": "ami-0e6b68880cc94cf09",
            "image_id": "ami-0e6b68880cc94cf09",
            "image_location": "amazon/amzn2-ami-ecs-hvm-2.0.20200319-x86_64-ebs",
            "image_owner_alias": "amazon",
            "image_type": "machine",
            "kernel_id": null,
            "most_recent": true,
            "name": "amzn2-ami-ecs-hvm-2.0.20200319-x86_64-ebs",
            "name_regex": null,
            "owner_id": "591542846629",
            "owners": [
              "amazon"
            ],
            "platform": null,
            "product_codes": [],
            "public": true,
            "ramdisk_id": null,
            "root_device_name": "/dev/xvda",
            "root_device_type": "ebs",
            "root_snapshot_id": "snap-04ecb5d9a3895ea19",
            "sriov_net_support": "simple",
            "state": "available",
            "state_reason": {
              "code": "UNSET",
              "message": "UNSET"
            },
            "tags": {},
            "virtualization_type": "hvm"
          }
        }
      ]
    },
    {
      "mode": "data",
      "type": "aws_availability_zones",
      "name": "available",
      "provider": "provider.aws",
      "instances": [
        {
          "schema_version": 0,
          "attributes": {
            "blacklisted_names": null,
            "blacklisted_zone_ids": null,
            "id": "2020-03-26 09:36:13.232340676 +0000 UTC",
            "names": [
              "ap-southeast-2a",
              "ap-southeast-2b",
              "ap-southeast-2c"
            ],
            "state": null,
            "zone_ids": [
              "apse2-az1",
              "apse2-az3",
              "apse2-az2"
            ]
          }
        }
      ]
    },
    {
      "mode": "data",
      "type": "aws_ecs_task_definition",
      "name": "technogise_app",
      "provider": "provider.aws",
      "instances": [
        {
          "schema_version": 0,
          "attributes": {
            "family": "technogise_app",
            "id": "arn:aws:ecs:ap-southeast-2:185966419215:task-definition/technogise_app:1",
            "network_mode": "",
            "revision": 1,
            "status": "ACTIVE",
            "task_definition": "technogise_app",
            "task_role_arn": ""
          },
          "depends_on": [
            "aws_ecs_task_definition.technogise_app"
          ]
        }
      ]
    },
    {
      "mode": "data",
      "type": "aws_iam_policy_document",
      "name": "ecs-instance-policy",
      "provider": "provider.aws",
      "instances": [
        {
          "schema_version": 0,
          "attributes": {
            "id": "1903849331",
            "json": "{\n  \"Version\": \"2012-10-17\",\n  \"Statement\": [\n    {\n      \"Sid\": \"\",\n      \"Effect\": \"Allow\",\n      \"Action\": \"sts:AssumeRole\",\n      \"Principal\": {\n        \"Service\": \"ec2.amazonaws.com\"\n      }\n    }\n  ]\n}",
            "override_json": null,
            "policy_id": null,
            "source_json": null,
            "statement": [
              {
                "actions": [
                  "sts:AssumeRole"
                ],
                "condition": [],
                "effect": "Allow",
                "not_actions": [],
                "not_principals": [],
                "not_resources": [],
                "principals": [
                  {
                    "identifiers": [
                      "ec2.amazonaws.com"
                    ],
                    "type": "Service"
                  }
                ],
                "resources": [],
                "sid": ""
              }
            ],
            "version": "2012-10-17"
          }
        }
      ]
    },
    {
      "mode": "data",
      "type": "aws_iam_policy_document",
      "name": "ecs-service-policy",
      "provider": "provider.aws",
      "instances": [
        {
          "schema_version": 0,
          "attributes": {
            "id": "3622649364",
            "json": "{\n  \"Version\": \"2012-10-17\",\n  \"Statement\": [\n    {\n      \"Sid\": \"\",\n      \"Effect\": \"Allow\",\n      \"Action\": \"sts:AssumeRole\",\n      \"Principal\": {\n        \"Service\": \"ecs.amazonaws.com\"\n      }\n    }\n  ]\n}",
            "override_json": null,
            "policy_id": null,
            "source_json": null,
            "statement": [
              {
                "actions": [
                  "sts:AssumeRole"
                ],
                "condition": [],
                "effect": "Allow",
                "not_actions": [],
                "not_principals": [],
                "not_resources": [],
                "principals": [
                  {
                    "identifiers": [
                      "ecs.amazonaws.com"
                    ],
                    "type": "Service"
                  }
                ],
                "resources": [],
                "sid": ""
              }
            ],
            "version": "2012-10-17"
          }
        }
      ]
    },
    {
      "mode": "managed",
      "type": "aws_alb",
      "name": "technogise_alb_load_balancer",
      "provider": "provider.aws",
      "instances": [
        {
          "schema_version": 0,
          "attributes": {
            "access_logs": [
              {
                "bucket": "",
                "enabled": false,
                "prefix": ""
              }
            ],
            "arn": "arn:aws:elasticloadbalancing:ap-southeast-2:185966419215:loadbalancer/app/technogise-alb-load-balancer/2c2f3fa59636684b",
            "arn_suffix": "app/technogise-alb-load-balancer/2c2f3fa59636684b",
            "dns_name": "technogise-alb-load-balancer-330940032.ap-southeast-2.elb.amazonaws.com",
            "drop_invalid_header_fields": false,
            "enable_cross_zone_load_balancing": null,
            "enable_deletion_protection": false,
            "enable_http2": true,
            "id": "arn:aws:elasticloadbalancing:ap-southeast-2:185966419215:loadbalancer/app/technogise-alb-load-balancer/2c2f3fa59636684b",
            "idle_timeout": 60,
            "internal": false,
            "ip_address_type": "ipv4",
            "load_balancer_type": "application",
            "name": "technogise-alb-load-balancer",
            "name_prefix": null,
            "security_groups": [
              "sg-008be2e3f3c149ca7"
            ],
            "subnet_mapping": [
              {
                "allocation_id": "",
                "subnet_id": "subnet-00846c20558091e52"
              },
              {
                "allocation_id": "",
                "subnet_id": "subnet-062919ac8815b17ca"
              }
            ],
            "subnets": [
              "subnet-00846c20558091e52",
              "subnet-062919ac8815b17ca"
            ],
            "tags": {
              "Name": "technogise-alb-load-balancer"
            },
            "timeouts": null,
            "vpc_id": "vpc-04ca5d97a4e314b2f",
            "zone_id": "Z1GM3OXH4ZPM65"
          },
          "private": "eyJlMmJmYjczMC1lY2FhLTExZTYtOGY4OC0zNDM2M2JjN2M0YzAiOnsiY3JlYXRlIjo2MDAwMDAwMDAwMDAsImRlbGV0ZSI6NjAwMDAwMDAwMDAwLCJ1cGRhdGUiOjYwMDAwMDAwMDAwMH19",
          "depends_on": [
            "aws_security_group.technogise_public_sg",
            "aws_subnet.technogise_public_sn_01",
            "aws_subnet.technogise_public_sn_02"
          ]
        }
      ]
    },
    {
      "mode": "managed",
      "type": "aws_alb_listener",
      "name": "alb-listener",
      "provider": "provider.aws",
      "instances": [
        {
          "schema_version": 0,
          "attributes": {
            "arn": "arn:aws:elasticloadbalancing:ap-southeast-2:185966419215:listener/app/technogise-alb-load-balancer/2c2f3fa59636684b/865ba3555f9e1796",
            "certificate_arn": null,
            "default_action": [
              {
                "authenticate_cognito": [],
                "authenticate_oidc": [],
                "fixed_response": [],
                "order": 1,
                "redirect": [],
                "target_group_arn": "arn:aws:elasticloadbalancing:ap-southeast-2:185966419215:targetgroup/technogise-app-target-group/daa755590cd7c4ab",
                "type": "forward"
              }
            ],
            "id": "arn:aws:elasticloadbalancing:ap-southeast-2:185966419215:listener/app/technogise-alb-load-balancer/2c2f3fa59636684b/865ba3555f9e1796",
            "load_balancer_arn": "arn:aws:elasticloadbalancing:ap-southeast-2:185966419215:loadbalancer/app/technogise-alb-load-balancer/2c2f3fa59636684b",
            "port": 80,
            "protocol": "HTTP",
            "ssl_policy": "",
            "timeouts": null
          },
          "private": "eyJlMmJmYjczMC1lY2FhLTExZTYtOGY4OC0zNDM2M2JjN2M0YzAiOnsicmVhZCI6NjAwMDAwMDAwMDAwfX0=",
          "depends_on": [
            "aws_alb.technogise_alb_load_balancer",
            "aws_alb_target_group.technogise_app_target_group"
          ]
        }
      ]
    },
    {
      "mode": "managed",
      "type": "aws_alb_target_group",
      "name": "technogise_app_target_group",
      "provider": "provider.aws",
      "instances": [
        {
          "schema_version": 0,
          "attributes": {
            "arn": "arn:aws:elasticloadbalancing:ap-southeast-2:185966419215:targetgroup/technogise-app-target-group/daa755590cd7c4ab",
            "arn_suffix": "targetgroup/technogise-app-target-group/daa755590cd7c4ab",
            "deregistration_delay": 10,
            "health_check": [
              {
                "enabled": true,
                "healthy_threshold": 2,
                "interval": 30,
                "matcher": "200,301,302",
                "path": "/",
                "port": "traffic-port",
                "protocol": "HTTP",
                "timeout": 5,
                "unhealthy_threshold": 6
              }
            ],
            "id": "arn:aws:elasticloadbalancing:ap-southeast-2:185966419215:targetgroup/technogise-app-target-group/daa755590cd7c4ab",
            "lambda_multi_value_headers_enabled": false,
            "load_balancing_algorithm_type": "round_robin",
            "name": "technogise-app-target-group",
            "name_prefix": null,
            "port": 3000,
            "protocol": "HTTP",
            "proxy_protocol_v2": false,
            "slow_start": 0,
            "stickiness": [
              {
                "cookie_duration": 86400,
                "enabled": true,
                "type": "lb_cookie"
              }
            ],
            "tags": {
              "Name": "technogise-app-target-group"
            },
            "target_type": "instance",
            "vpc_id": "vpc-04ca5d97a4e314b2f"
          },
          "private": "bnVsbA==",
          "depends_on": [
            "aws_vpc.technogise_vpc"
          ]
        }
      ]
    },
    {
      "mode": "managed",
      "type": "aws_appautoscaling_target",
      "name": "ecs_technogiseapp_target",
      "provider": "provider.aws",
      "instances": []
    },
    {
      "mode": "managed",
      "type": "aws_autoscaling_attachment",
      "name": "asg_attachment_technogise_app",
      "provider": "provider.aws",
      "instances": []
    },
    {
      "mode": "managed",
      "type": "aws_autoscaling_group",
      "name": "technogise-autoscaling-group",
      "provider": "provider.aws",
      "instances": []
    },
    {
      "mode": "managed",
      "type": "aws_ecs_cluster",
      "name": "technogise_ecs_cluster",
      "provider": "provider.aws",
      "instances": [
        {
          "schema_version": 0,
          "attributes": {
            "arn": "arn:aws:ecs:ap-southeast-2:185966419215:cluster/technogise_cluster",
            "capacity_providers": null,
            "default_capacity_provider_strategy": [],
            "id": "arn:aws:ecs:ap-southeast-2:185966419215:cluster/technogise_cluster",
            "name": "technogise_cluster",
            "setting": [
              {
                "name": "containerInsights",
                "value": "disabled"
              }
            ],
            "tags": null
          },
          "private": "bnVsbA=="
        }
      ]
    },
    {
      "mode": "managed",
      "type": "aws_ecs_service",
      "name": "technogise_app_service",
      "provider": "provider.aws",
      "instances": []
    },
    {
      "mode": "managed",
      "type": "aws_ecs_task_definition",
      "name": "technogise_app",
      "provider": "provider.aws",
      "instances": [
        {
          "schema_version": 1,
          "attributes": {
            "arn": "arn:aws:ecs:ap-southeast-2:185966419215:task-definition/technogise_app:1",
            "container_definitions": "[{\"cpu\":256,\"environment\":[],\"essential\":true,\"image\":\"kimai/kimai2:latest\",\"logConfiguration\":{\"logDriver\":\"awslogs\",\"options\":{\"awslogs-group\":\"technogise_app\",\"awslogs-region\":\"ap-southeast-2\",\"awslogs-stream-prefix\":\"ecs\"}},\"memory\":1024,\"mountPoints\":[],\"name\":\"technogise_app\",\"portMappings\":[{\"containerPort\":3000,\"hostPort\":3000,\"protocol\":\"tcp\"}],\"volumesFrom\":[]}]",
            "cpu": "",
            "execution_role_arn": "",
            "family": "technogise_app",
            "id": "technogise_app",
            "ipc_mode": "",
            "memory": "",
            "network_mode": "",
            "pid_mode": "",
            "placement_constraints": [],
            "proxy_configuration": [],
            "requires_compatibilities": null,
            "revision": 1,
            "tags": null,
            "task_role_arn": "",
            "volume": []
          },
          "private": "eyJzY2hlbWFfdmVyc2lvbiI6IjEifQ=="
        }
      ]
    },
    {
      "mode": "managed",
      "type": "aws_efs_file_system",
      "name": "technogisedbefs",
      "provider": "provider.aws",
      "instances": [
        {
          "schema_version": 0,
          "attributes": {
            "arn": "arn:aws:elasticfilesystem:ap-southeast-2:185966419215:file-system/fs-1a544523",
            "creation_token": "terraform-20200326093635466600000001",
            "dns_name": "fs-1a544523.efs.ap-southeast-2.amazonaws.com",
            "encrypted": false,
            "id": "fs-1a544523",
            "kms_key_id": "",
            "lifecycle_policy": [],
            "performance_mode": "generalPurpose",
            "provisioned_throughput_in_mibps": 0,
            "reference_name": null,
            "tags": {
              "Name": "technogisedbefs"
            },
            "throughput_mode": "bursting"
          },
          "private": "bnVsbA=="
        }
      ]
    },
    {
      "mode": "managed",
      "type": "aws_efs_mount_target",
      "name": "technogisedbefs-mnt",
      "each": "list",
      "provider": "provider.aws",
      "instances": [
        {
          "index_key": 0,
          "schema_version": 0,
          "attributes": {
            "dns_name": "fs-1a544523.efs.ap-southeast-2.amazonaws.com",
            "file_system_arn": "arn:aws:elasticfilesystem:ap-southeast-2:185966419215:file-system/fs-1a544523",
            "file_system_id": "fs-1a544523",
            "id": "fsmt-e75a3fde",
            "ip_address": "210.0.0.155",
            "network_interface_id": "eni-0ddf051b7c588014d",
            "security_groups": [
              "sg-008be2e3f3c149ca7"
            ],
            "subnet_id": "subnet-062919ac8815b17ca"
          },
          "private": "bnVsbA==",
          "depends_on": [
            "aws_efs_file_system.technogisedbefs",
            "aws_security_group.technogise_public_sg"
          ]
        },
        {
          "index_key": 1,
          "schema_version": 0,
          "attributes": {
            "dns_name": "fs-1a544523.efs.ap-southeast-2.amazonaws.com",
            "file_system_arn": "arn:aws:elasticfilesystem:ap-southeast-2:185966419215:file-system/fs-1a544523",
            "file_system_id": "fs-1a544523",
            "id": "fsmt-e65a3fdf",
            "ip_address": "210.0.10.60",
            "network_interface_id": "eni-0a49b8f15fa3eb4a3",
            "security_groups": [
              "sg-008be2e3f3c149ca7"
            ],
            "subnet_id": "subnet-00846c20558091e52"
          },
          "private": "bnVsbA==",
          "depends_on": [
            "aws_efs_file_system.technogisedbefs",
            "aws_security_group.technogise_public_sg"
          ]
        }
      ]
    },
    {
      "mode": "managed",
      "type": "aws_iam_instance_profile",
      "name": "ecs-instance-profile",
      "provider": "provider.aws",
      "instances": []
    },
    {
      "mode": "managed",
      "type": "aws_iam_role_policy_attachment",
      "name": "ecs-instance-role-attachment",
      "provider": "provider.aws",
      "instances": []
    },
    {
      "mode": "managed",
      "type": "aws_iam_role_policy_attachment",
      "name": "ecs-service-role-attachment",
      "provider": "provider.aws",
      "instances": []
    },
    {
      "mode": "managed",
      "type": "aws_internet_gateway",
      "name": "technogise_ig",
      "provider": "provider.aws",
      "instances": [
        {
          "schema_version": 0,
          "attributes": {
            "id": "igw-0fc08034835d44b89",
            "owner_id": "185966419215",
            "tags": {
              "Name": "technogise_ig"
            },
            "vpc_id": "vpc-04ca5d97a4e314b2f"
          },
          "private": "bnVsbA==",
          "depends_on": [
            "aws_vpc.technogise_vpc"
          ]
        }
      ]
    },
    {
      "mode": "managed",
      "type": "aws_launch_configuration",
      "name": "ecs-launch-configuration",
      "provider": "provider.aws",
      "instances": []
    },
    {
      "mode": "managed",
      "type": "aws_route_table",
      "name": "technogise_public_sn_rt_01",
      "provider": "provider.aws",
      "instances": [
        {
          "schema_version": 0,
          "attributes": {
            "id": "rtb-0d3ca6a81c79733c8",
            "owner_id": "185966419215",
            "propagating_vgws": [],
            "route": [
              {
                "cidr_block": "0.0.0.0/0",
                "egress_only_gateway_id": "",
                "gateway_id": "igw-0fc08034835d44b89",
                "instance_id": "",
                "ipv6_cidr_block": "",
                "nat_gateway_id": "",
                "network_interface_id": "",
                "transit_gateway_id": "",
                "vpc_peering_connection_id": ""
              }
            ],
            "tags": {
              "Name": "technogise_public_sn_rt_01"
            },
            "vpc_id": "vpc-04ca5d97a4e314b2f"
          },
          "private": "bnVsbA==",
          "depends_on": [
            "aws_internet_gateway.technogise_ig",
            "aws_vpc.technogise_vpc"
          ]
        }
      ]
    },
    {
      "mode": "managed",
      "type": "aws_route_table",
      "name": "technogise_public_sn_rt_02",
      "provider": "provider.aws",
      "instances": [
        {
          "schema_version": 0,
          "attributes": {
            "id": "rtb-00010a161076031c2",
            "owner_id": "185966419215",
            "propagating_vgws": [],
            "route": [
              {
                "cidr_block": "0.0.0.0/0",
                "egress_only_gateway_id": "",
                "gateway_id": "igw-0fc08034835d44b89",
                "instance_id": "",
                "ipv6_cidr_block": "",
                "nat_gateway_id": "",
                "network_interface_id": "",
                "transit_gateway_id": "",
                "vpc_peering_connection_id": ""
              }
            ],
            "tags": {
              "Name": "technogise_public_sn_rt_02"
            },
            "vpc_id": "vpc-04ca5d97a4e314b2f"
          },
          "private": "bnVsbA==",
          "depends_on": [
            "aws_internet_gateway.technogise_ig",
            "aws_vpc.technogise_vpc"
          ]
        }
      ]
    },
    {
      "mode": "managed",
      "type": "aws_route_table_association",
      "name": "technogise_public_sn_rt_01_assn",
      "provider": "provider.aws",
      "instances": [
        {
          "schema_version": 0,
          "attributes": {
            "gateway_id": null,
            "id": "rtbassoc-0ed311331f3c099eb",
            "route_table_id": "rtb-0d3ca6a81c79733c8",
            "subnet_id": "subnet-062919ac8815b17ca"
          },
          "private": "bnVsbA==",
          "depends_on": [
            "aws_route_table.technogise_public_sn_rt_01",
            "aws_subnet.technogise_public_sn_01"
          ]
        }
      ]
    },
    {
      "mode": "managed",
      "type": "aws_route_table_association",
      "name": "technogise_public_sn_rt_assn_02",
      "provider": "provider.aws",
      "instances": [
        {
          "schema_version": 0,
          "attributes": {
            "gateway_id": null,
            "id": "rtbassoc-0693357304253bd22",
            "route_table_id": "rtb-00010a161076031c2",
            "subnet_id": "subnet-00846c20558091e52"
          },
          "private": "bnVsbA==",
          "depends_on": [
            "aws_route_table.technogise_public_sn_rt_02",
            "aws_subnet.technogise_public_sn_02"
          ]
        }
      ]
    },
    {
      "mode": "managed",
      "type": "aws_security_group",
      "name": "technogise_public_sg",
      "provider": "provider.aws",
      "instances": [
        {
          "schema_version": 1,
          "attributes": {
            "arn": "arn:aws:ec2:ap-southeast-2:185966419215:security-group/sg-008be2e3f3c149ca7",
            "description": "Test public access security group",
            "egress": [
              {
                "cidr_blocks": [
                  "0.0.0.0/0"
                ],
                "description": "",
                "from_port": 0,
                "ipv6_cidr_blocks": [],
                "prefix_list_ids": [],
                "protocol": "-1",
                "security_groups": [],
                "self": false,
                "to_port": 0
              }
            ],
            "id": "sg-008be2e3f3c149ca7",
            "ingress": [
              {
                "cidr_blocks": [
                  "0.0.0.0/0"
                ],
                "description": "",
                "from_port": 22,
                "ipv6_cidr_blocks": [],
                "prefix_list_ids": [],
                "protocol": "tcp",
                "security_groups": [],
                "self": false,
                "to_port": 22
              },
              {
                "cidr_blocks": [
                  "0.0.0.0/0"
                ],
                "description": "",
                "from_port": 80,
                "ipv6_cidr_blocks": [],
                "prefix_list_ids": [],
                "protocol": "tcp",
                "security_groups": [],
                "self": false,
                "to_port": 80
              },
              {
                "cidr_blocks": [
                  "210.0.0.0/24",
                  "210.0.10.0/24"
                ],
                "description": "",
                "from_port": 0,
                "ipv6_cidr_blocks": [],
                "prefix_list_ids": [],
                "protocol": "-1",
                "security_groups": [],
                "self": false,
                "to_port": 0
              }
            ],
            "name": "technogise_public_sg",
            "name_prefix": null,
            "owner_id": "185966419215",
            "revoke_rules_on_delete": false,
            "tags": {
              "Name": "technogise_public_sg"
            },
            "timeouts": null,
            "vpc_id": "vpc-04ca5d97a4e314b2f"
          },
          "private": "eyJlMmJmYjczMC1lY2FhLTExZTYtOGY4OC0zNDM2M2JjN2M0YzAiOnsiY3JlYXRlIjo2MDAwMDAwMDAwMDAsImRlbGV0ZSI6NjAwMDAwMDAwMDAwfSwic2NoZW1hX3ZlcnNpb24iOiIxIn0=",
          "depends_on": [
            "aws_vpc.technogise_vpc"
          ]
        }
      ]
    },
    {
      "mode": "managed",
      "type": "aws_subnet",
      "name": "technogise_public_sn_01",
      "provider": "provider.aws",
      "instances": [
        {
          "schema_version": 1,
          "attributes": {
            "arn": "arn:aws:ec2:ap-southeast-2:185966419215:subnet/subnet-062919ac8815b17ca",
            "assign_ipv6_address_on_creation": false,
            "availability_zone": "ap-southeast-2a",
            "availability_zone_id": "apse2-az1",
            "cidr_block": "210.0.0.0/24",
            "id": "subnet-062919ac8815b17ca",
            "ipv6_cidr_block": "",
            "ipv6_cidr_block_association_id": "",
            "map_public_ip_on_launch": false,
            "owner_id": "185966419215",
            "tags": {
              "Name": "technogise_public_sn_01"
            },
            "timeouts": null,
            "vpc_id": "vpc-04ca5d97a4e314b2f"
          },
          "private": "eyJlMmJmYjczMC1lY2FhLTExZTYtOGY4OC0zNDM2M2JjN2M0YzAiOnsiY3JlYXRlIjo2MDAwMDAwMDAwMDAsImRlbGV0ZSI6MTIwMDAwMDAwMDAwMH0sInNjaGVtYV92ZXJzaW9uIjoiMSJ9",
          "depends_on": [
            "aws_vpc.technogise_vpc",
            "data.aws_availability_zones.available"
          ]
        }
      ]
    },
    {
      "mode": "managed",
      "type": "aws_subnet",
      "name": "technogise_public_sn_02",
      "provider": "provider.aws",
      "instances": [
        {
          "schema_version": 1,
          "attributes": {
            "arn": "arn:aws:ec2:ap-southeast-2:185966419215:subnet/subnet-00846c20558091e52",
            "assign_ipv6_address_on_creation": false,
            "availability_zone": "ap-southeast-2b",
            "availability_zone_id": "apse2-az3",
            "cidr_block": "210.0.10.0/24",
            "id": "subnet-00846c20558091e52",
            "ipv6_cidr_block": "",
            "ipv6_cidr_block_association_id": "",
            "map_public_ip_on_launch": false,
            "owner_id": "185966419215",
            "tags": {
              "Name": "technogise_public_sn_02"
            },
            "timeouts": null,
            "vpc_id": "vpc-04ca5d97a4e314b2f"
          },
          "private": "eyJlMmJmYjczMC1lY2FhLTExZTYtOGY4OC0zNDM2M2JjN2M0YzAiOnsiY3JlYXRlIjo2MDAwMDAwMDAwMDAsImRlbGV0ZSI6MTIwMDAwMDAwMDAwMH0sInNjaGVtYV92ZXJzaW9uIjoiMSJ9",
          "depends_on": [
            "aws_vpc.technogise_vpc",
            "data.aws_availability_zones.available"
          ]
        }
      ]
    },
    {
      "mode": "managed",
      "type": "aws_vpc",
      "name": "technogise_vpc",
      "provider": "provider.aws",
      "instances": [
        {
          "schema_version": 1,
          "attributes": {
            "arn": "arn:aws:ec2:ap-southeast-2:185966419215:vpc/vpc-04ca5d97a4e314b2f",
            "assign_generated_ipv6_cidr_block": false,
            "cidr_block": "210.0.0.0/16",
            "default_network_acl_id": "acl-0323ffd69f0bee04c",
            "default_route_table_id": "rtb-0b3ec52db3428badf",
            "default_security_group_id": "sg-0dba620ee90b5f224",
            "dhcp_options_id": "dopt-ab5f78cc",
            "enable_classiclink": false,
            "enable_classiclink_dns_support": false,
            "enable_dns_hostnames": true,
            "enable_dns_support": true,
            "id": "vpc-04ca5d97a4e314b2f",
            "instance_tenancy": "default",
            "ipv6_association_id": "",
            "ipv6_cidr_block": "",
            "main_route_table_id": "rtb-0b3ec52db3428badf",
            "owner_id": "185966419215",
            "tags": {
              "Name": "technogise_vpc"
            }
          },
          "private": "eyJzY2hlbWFfdmVyc2lvbiI6IjEifQ=="
        }
      ]
    }
  ]
}
